Microsoft Visual Studio Solution File, Format Version 12.00
# Visual Studio Version 16
VisualStudioVersion = 16.0.28729.10
MinimumVisualStudioVersion = 10.0.40219.1
Project("{8BC9CEB8-8B4A-11D0-8D11-00A0C91BC942}") = "d3d8to11", "d3d8to11\d3d8to11.vcxproj", "{33FCEE21-B5A3-4C42-AC19-5CF9238F089F}"
EndProject
Project("{8BC9CEB8-8B4A-11D0-8D11-00A0C91BC942}") = "DirectXTK_Desktop_2019", "DirectXTK\DirectXTK_Desktop_2019.vcxproj", "{E0B52AE7-E160-4D32-BF3F-910B785E5A8E}"
EndProject
Project("{8BC9CEB8-8B4A-11D0-8D11-00A0C91BC942}") = "libd3d8to11", "libd3d8to11\libcbuffer.vcxproj", "{322C4A08-4B89-4DDF-95C1-E73949432507}"
EndProject
Global
	GlobalSection(SolutionConfigurationPlatforms) = preSolution
		Debug|x64 = Debug|x64
		Debug|x86 = Debug|x86
		Hybrid|x64 = Hybrid|x64
		Hybrid|x86 = Hybrid|x86
		Release|x64 = Release|x64
		Release|x86 = Release|x86
	EndGlobalSection
	GlobalSection(ProjectConfigurationPlatforms) = postSolution
		{33FCEE21-B5A3-4C42-AC19-5CF9238F089F}.Debug|x64.ActiveCfg = Debug|x64
		{33FCEE21-B5A3-4C42-AC19-5CF9238F089F}.Debug|x64.Build.0 = Debug|x64
		{33FCEE21-B5A3-4C42-AC19-5CF9238F089F}.Debug|x86.ActiveCfg = Debug|Win32
		{33FCEE21-B5A3-4C42-AC19-5CF9238F089F}.Debug|x86.Build.0 = Debug|Win32
		{33FCEE21-B5A3-4C42-AC19-5CF9238F089F}.Hybrid|x64.ActiveCfg = Hybrid|x64
		{33FCEE21-B5A3-4C42-AC19-5CF9238F089F}.Hybrid|x64.Build.0 = Hybrid|x64
		{33FCEE21-B5A3-4C42-AC19-5CF9238F089F}.Hybrid|x86.ActiveCfg = Hybrid|Win32
		{33FCEE21-B5A3-4C42-AC19-5CF9238F089F}.Hybrid|x86.Build.0 = Hybrid|Win32
		{33FCEE21-B5A3-4C42-AC19-5CF9238F089F}.Release|x64.ActiveCfg = Release|x64
		{33FCEE21-B5A3-4C42-AC19-5CF9238F089F}.Release|x64.Build.0 = Release|x64
		{33FCEE21-B5A3-4C42-AC19-5CF9238F089F}.Release|x86.ActiveCfg = Release|Win32
		{33FCEE21-B5A3-4C42-AC19-5CF9238F089F}.Release|x86.Build.0 = Release|Win32
		{E0B52AE7-E160-4D32-BF3F-910B785E5A8E}.Debug|x64.ActiveCfg = Debug|x64
		{E0B52AE7-E160-4D32-BF3F-910B785E5A8E}.Debug|x64.Build.0 = Debug|x64
		{E0B52AE7-E160-4D32-BF3F-910B785E5A8E}.Debug|x86.ActiveCfg = Debug|Win32
		{E0B52AE7-E160-4D32-BF3F-910B785E5A8E}.Debug|x86.Build.0 = Debug|Win32
		{E0B52AE7-E160-4D32-BF3F-910B785E5A8E}.Hybrid|x64.ActiveCfg = Release|x64
		{E0B52AE7-E160-4D32-BF3F-910B785E5A8E}.Hybrid|x64.Build.0 = Release|x64
		{E0B52AE7-E160-4D32-BF3F-910B785E5A8E}.Hybrid|x86.ActiveCfg = Debug|Win32
		{E0B52AE7-E160-4D32-BF3F-910B785E5A8E}.Hybrid|x86.Build.0 = Debug|Win32
		{E0B52AE7-E160-4D32-BF3F-910B785E5A8E}.Release|x64.ActiveCfg = Release|x64
		{E0B52AE7-E160-4D32-BF3F-910B785E5A8E}.Release|x64.Build.0 = Release|x64
		{E0B52AE7-E160-4D32-BF3F-910B785E5A8E}.Release|x86.ActiveCfg = Release|Win32
		{E0B52AE7-E160-4D32-BF3F-910B785E5A8E}.Release|x86.Build.0 = Release|Win32
		{322C4A08-4B89-4DDF-95C1-E73949432507}.Debug|x64.ActiveCfg = Debug|x64
		{322C4A08-4B89-4DDF-95C1-E73949432507}.Debug|x64.Build.0 = Debug|x64
		{322C4A08-4B89-4DDF-95C1-E73949432507}.Debug|x86.ActiveCfg = Debug|Win32
		{322C4A08-4B89-4DDF-95C1-E73949432507}.Debug|x86.Build.0 = Debug|Win32
		{322C4A08-4B89-4DDF-95C1-E73949432507}.Hybrid|x64.ActiveCfg = Release|x64
		{322C4A08-4B89-4DDF-95C1-E73949432507}.Hybrid|x64.Build.0 = Release|x64
		{322C4A08-4B89-4DDF-95C1-E73949432507}.Hybrid|x86.ActiveCfg = Debug|Win32
		{322C4A08-4B89-4DDF-95C1-E73949432507}.Hybrid|x86.Build.0 = Debug|Win32
		{322C4A08-4B89-4DDF-95C1-E73949432507}.Release|x64.ActiveCfg = Release|x64
		{322C4A08-4B89-4DDF-95C1-E73949432507}.Release|x64.Build.0 = Release|x64
		{322C4A08-4B89-4DDF-95C1-E73949432507}.Release|x86.ActiveCfg = Release|Win32
		{322C4A08-4B89-4DDF-95C1-E73949432507}.Release|x86.Build.0 = Release|Win32
	EndGlobalSection
	GlobalSection(SolutionProperties) = preSolution
		HideSolutionNode = FALSE
	EndGlobalSection
	GlobalSection(ExtensibilityGlobals) = postSolution
		SolutionGuid = {CFB3C228-4C26-4746-8E0C-71C310403E8C}
	EndGlobalSection
	GlobalSection(Performance) = preSolution
		HasPerformanceSessions = true
	EndGlobalSection
	GlobalSection(Performance) = preSolution
		HasPerformanceSessions = true
	EndGlobalSection
EndGlobal
