
Microsoft Visual Studio Solution File, Format Version 12.00
# Visual Studio 15
VisualStudioVersion = 15.0.26430.16
MinimumVisualStudioVersion = 10.0.40219.1
Project("{8BC9CEB8-8B4A-11D0-8D11-00A0C91BC942}") = "sadx-d3d11", "sadx-d3d11\sadx-d3d11.vcxproj", "{33FCEE21-B5A3-4C42-AC19-5CF9238F089F}"
EndProject
Project("{8BC9CEB8-8B4A-11D0-8D11-00A0C91BC942}") = "DirectXTK_Desktop_2017", "DirectXTK\DirectXTK_Desktop_2017.vcxproj", "{E0B52AE7-E160-4D32-BF3F-910B785E5A8E}"
EndProject
Global
	GlobalSection(SolutionConfigurationPlatforms) = preSolution
		Debug|x86 = Debug|x86
		Hybrid|x86 = Hybrid|x86
		Release|x86 = Release|x86
	EndGlobalSection
	GlobalSection(ProjectConfigurationPlatforms) = postSolution
		{33FCEE21-B5A3-4C42-AC19-5CF9238F089F}.Debug|x86.ActiveCfg = Debug|Win32
		{33FCEE21-B5A3-4C42-AC19-5CF9238F089F}.Debug|x86.Build.0 = Debug|Win32
		{33FCEE21-B5A3-4C42-AC19-5CF9238F089F}.Hybrid|x86.ActiveCfg = Hybrid|Win32
		{33FCEE21-B5A3-4C42-AC19-5CF9238F089F}.Hybrid|x86.Build.0 = Hybrid|Win32
		{33FCEE21-B5A3-4C42-AC19-5CF9238F089F}.Release|x86.ActiveCfg = Release|Win32
		{33FCEE21-B5A3-4C42-AC19-5CF9238F089F}.Release|x86.Build.0 = Release|Win32
		{E0B52AE7-E160-4D32-BF3F-910B785E5A8E}.Debug|x86.ActiveCfg = Debug|Win32
		{E0B52AE7-E160-4D32-BF3F-910B785E5A8E}.Debug|x86.Build.0 = Debug|Win32
		{E0B52AE7-E160-4D32-BF3F-910B785E5A8E}.Hybrid|x86.ActiveCfg = Release|Win32
		{E0B52AE7-E160-4D32-BF3F-910B785E5A8E}.Hybrid|x86.Build.0 = Release|Win32
		{E0B52AE7-E160-4D32-BF3F-910B785E5A8E}.Release|x86.ActiveCfg = Release|Win32
		{E0B52AE7-E160-4D32-BF3F-910B785E5A8E}.Release|x86.Build.0 = Release|Win32
	EndGlobalSection
	GlobalSection(SolutionProperties) = preSolution
		HideSolutionNode = FALSE
	EndGlobalSection
	GlobalSection(ExtensibilityGlobals) = postSolution
		SolutionGuid = {8F4433DB-A8E1-40EA-A524-ED0BB2B46E0F}
	EndGlobalSection
	GlobalSection(Performance) = preSolution
		HasPerformanceSessions = true
	EndGlobalSection
	GlobalSection(Performance) = preSolution
		HasPerformanceSessions = true
	EndGlobalSection
EndGlobal
