<?xml version="1.0" encoding="utf-8"?>
<Project ToolsVersion="4.0" xmlns="http://schemas.microsoft.com/developer/msbuild/2003">
  <ItemGroup>
    <Filter Include="Source Files">
      <UniqueIdentifier>{4FC737F1-C7A5-4376-A066-2A32D752A2FF}</UniqueIdentifier>
      <Extensions>cpp;c;cc;cxx;def;odl;idl;hpj;bat;asm;asmx</Extensions>
    </Filter>
    <Filter Include="Header Files">
      <UniqueIdentifier>{93995380-89BD-4b04-88EB-625FBE52EBFB}</UniqueIdentifier>
      <Extensions>h;hh;hpp;hxx;hm;inl;inc;xsd</Extensions>
    </Filter>
    <Filter Include="Resource Files">
      <UniqueIdentifier>{67DA6AB6-F800-4c08-8B7A-83BB121AAD01}</UniqueIdentifier>
      <Extensions>rc;ico;cur;bmp;dlg;rc2;rct;bin;rgs;gif;jpg;jpeg;jpe;resx;tiff;tif;png;wav;mfcribbon-ms</Extensions>
    </Filter>
    <Filter Include="d3d8wrapper">
      <UniqueIdentifier>{b96e4119-bea6-4ad7-a5f9-40fed2942e2b}</UniqueIdentifier>
    </Filter>
    <Filter Include="Source Files\shaders">
      <UniqueIdentifier>{b4aa43bf-d368-4bbe-ae56-d00ef9cea08e}</UniqueIdentifier>
    </Filter>
  </ItemGroup>
  <ItemGroup>
    <ClInclude Include="pch.h">
      <Filter>Header Files</Filter>
    </ClInclude>
    <ClInclude Include="typedefs.h">
      <Filter>Header Files</Filter>
    </ClInclude>
    <ClInclude Include="safe_release.h">
      <Filter>Header Files</Filter>
    </ClInclude>
    <ClInclude Include="d3d8types.hpp">
      <Filter>d3d8wrapper</Filter>
    </ClInclude>
    <ClInclude Include="d3d8to11.hpp">
      <Filter>d3d8wrapper</Filter>
    </ClInclude>
    <ClInclude Include="Unknown.h">
      <Filter>d3d8wrapper</Filter>
    </ClInclude>
    <ClInclude Include="d3d8to11_base.h">
      <Filter>d3d8wrapper</Filter>
    </ClInclude>
    <ClInclude Include="d3d8to11_device.h">
      <Filter>d3d8wrapper</Filter>
    </ClInclude>
    <ClInclude Include="d3d8to11_resource.h">
      <Filter>d3d8wrapper</Filter>
    </ClInclude>
    <ClInclude Include="d3d8to11_texture.h">
      <Filter>d3d8wrapper</Filter>
    </ClInclude>
    <ClInclude Include="d3d8to11_surface.h">
      <Filter>d3d8wrapper</Filter>
    </ClInclude>
    <ClInclude Include="d3d8to11_vertex_buffer.h">
      <Filter>d3d8wrapper</Filter>
    </ClInclude>
    <ClInclude Include="d3d8to11_index_buffer.h">
      <Filter>d3d8wrapper</Filter>
    </ClInclude>
    <ClInclude Include="dirty_t.h">
      <Filter>Header Files</Filter>
    </ClInclude>
    <ClInclude Include="alignment.h">
      <Filter>Header Files</Filter>
    </ClInclude>
    <ClInclude Include="simple_math.h">
      <Filter>Header Files</Filter>
    </ClInclude>
    <ClInclude Include="Shader.h">
      <Filter>Header Files</Filter>
    </ClInclude>
    <ClInclude Include="Light.h">
      <Filter>Header Files</Filter>
    </ClInclude>
    <ClInclude Include="Material.h">
      <Filter>Header Files</Filter>
    </ClInclude>
    <ClInclude Include="cbuffers.h">
      <Filter>Header Files</Filter>
    </ClInclude>
    <ClInclude Include="defs.h">
      <Filter>Header Files</Filter>
    </ClInclude>
    <ClInclude Include="hash_combine.h">
      <Filter>Header Files</Filter>
    </ClInclude>
    <ClInclude Include="d3d8types.h">
      <Filter>Header Files</Filter>
    </ClInclude>
    <ClInclude Include="globals.h">
      <Filter>Header Files</Filter>
    </ClInclude>
    <ClInclude Include="not_implemented.h">
      <Filter>Header Files</Filter>
    </ClInclude>
    <ClInclude Include="ShaderCompilationQueue.h">
      <Filter>Header Files</Filter>
    </ClInclude>
    <ClInclude Include="ShaderFlags.h">
      <Filter>Header Files</Filter>
    </ClInclude>
  </ItemGroup>
  <ItemGroup>
    <ClCompile Include="pch.cpp">
      <Filter>Source Files</Filter>
    </ClCompile>
    <ClCompile Include="d3d8to11_index_buffer.cpp">
      <Filter>d3d8wrapper</Filter>
    </ClCompile>
    <ClCompile Include="d3d8to11_surface.cpp">
      <Filter>d3d8wrapper</Filter>
    </ClCompile>
    <ClCompile Include="d3d8to11_swap_chain.cpp">
      <Filter>d3d8wrapper</Filter>
    </ClCompile>
    <ClCompile Include="d3d8to11_texture.cpp">
      <Filter>d3d8wrapper</Filter>
    </ClCompile>
    <ClCompile Include="d3d8to11_vertex_buffer.cpp">
      <Filter>d3d8wrapper</Filter>
    </ClCompile>
    <ClCompile Include="d3d8to11_volume.cpp">
      <Filter>d3d8wrapper</Filter>
    </ClCompile>
    <ClCompile Include="d3d8types.cpp">
      <Filter>d3d8wrapper</Filter>
    </ClCompile>
    <ClCompile Include="d3d8to11.cpp">
      <Filter>d3d8wrapper</Filter>
    </ClCompile>
    <ClCompile Include="d3d8to11_base.cpp">
      <Filter>d3d8wrapper</Filter>
    </ClCompile>
    <ClCompile Include="d3d8to11_device.cpp">
      <Filter>d3d8wrapper</Filter>
    </ClCompile>
    <ClCompile Include="Unknown.cpp">
      <Filter>d3d8wrapper</Filter>
    </ClCompile>
    <ClCompile Include="Light.cpp">
      <Filter>Source Files</Filter>
    </ClCompile>
    <ClCompile Include="Material.cpp">
      <Filter>Source Files</Filter>
    </ClCompile>
    <ClCompile Include="cbuffers.cpp">
      <Filter>Source Files</Filter>
    </ClCompile>
    <ClCompile Include="simple_math.cpp">
      <Filter>Source Files</Filter>
    </ClCompile>
    <ClCompile Include="globals.cpp">
      <Filter>Source Files</Filter>
    </ClCompile>
    <ClCompile Include="ShaderCompilationQueue.cpp">
      <Filter>Source Files</Filter>
    </ClCompile>
    <ClCompile Include="ShaderFlags.cpp">
      <Filter>Source Files</Filter>
    </ClCompile>
  </ItemGroup>
  <ItemGroup>
    <None Include="include.hlsli">
      <Filter>Source Files\shaders</Filter>
    </None>
    <None Include="shader.hlsl">
      <Filter>Source Files\shaders</Filter>
    </None>
    <None Include="composite.hlsl">
      <Filter>Source Files\shaders</Filter>
    </None>
    <None Include="d3d8.def">
      <Filter>Resource Files</Filter>
    </None>
    <None Include="d3d8to11.hlsl">
      <Filter>Source Files\shaders</Filter>
    </None>
  </ItemGroup>
</Project>